
Microsoft Visual Studio Solution File, Format Version 12.00
# Visual Studio Version 17
VisualStudioVersion = 17.1.32421.90
MinimumVisualStudioVersion = 10.0.40219.1
Project("{FAE04EC0-301F-11D3-BF4B-00C04F79EFBC}") = "rc_frequency_finder", "rc_frequency_finder\rc_frequency_finder.csproj", "{0EA344C0-F846-4C7E-80C6-D6B1AE0983F8}"
EndProject
Global
	GlobalSection(SolutionConfigurationPlatforms) = preSolution
		Debug|Any CPU = Debug|Any CPU
		Release|Any CPU = Release|Any CPU
	EndGlobalSection
	GlobalSection(ProjectConfigurationPlatforms) = postSolution
		{0EA344C0-F846-4C7E-80C6-D6B1AE0983F8}.Debug|Any CPU.ActiveCfg = Debug|Any CPU
		{0EA344C0-F846-4C7E-80C6-D6B1AE0983F8}.Debug|Any CPU.Build.0 = Debug|Any CPU
		{0EA344C0-F846-4C7E-80C6-D6B1AE0983F8}.Release|Any CPU.ActiveCfg = Release|Any CPU
		{0EA344C0-F846-4C7E-80C6-D6B1AE0983F8}.Release|Any CPU.Build.0 = Release|Any CPU
	EndGlobalSection
	GlobalSection(SolutionProperties) = preSolution
		HideSolutionNode = FALSE
	EndGlobalSection
	GlobalSection(ExtensibilityGlobals) = postSolution
		SolutionGuid = {21028E12-68D8-4A9E-96AA-A0C65C0E13A1}
	EndGlobalSection
EndGlobal
